// !$*UTF8*$!
{
	archiveVersion = 1;
	classes = {
	};
	objectVersion = 51;
	objects = {

/* Begin PBXBuildFile section */
		524B9FE02393087D0098F76D /* AppDelegate.swift in Sources */ = {isa = PBXBuildFile; fileRef = 524B9FDF2393087D0098F76D /* AppDelegate.swift */; };
		524B9FE22393087D0098F76D /* SceneDelegate.swift in Sources */ = {isa = PBXBuildFile; fileRef = 524B9FE12393087D0098F76D /* SceneDelegate.swift */; };
		524B9FE42393087D0098F76D /* ViewController.swift in Sources */ = {isa = PBXBuildFile; fileRef = 524B9FE32393087D0098F76D /* ViewController.swift */; };
		524B9FE72393087D0098F76D /* Main.storyboard in Resources */ = {isa = PBXBuildFile; fileRef = 524B9FE52393087D0098F76D /* Main.storyboard */; };
		524B9FE9239308800098F76D /* Assets.xcassets in Resources */ = {isa = PBXBuildFile; fileRef = 524B9FE8239308800098F76D /* Assets.xcassets */; };
		524B9FEC239308800098F76D /* LaunchScreen.storyboard in Resources */ = {isa = PBXBuildFile; fileRef = 524B9FEA239308800098F76D /* LaunchScreen.storyboard */; };
		524B9FF7239308800098F76D /* calcTests.swift in Sources */ = {isa = PBXBuildFile; fileRef = 524B9FF6239308800098F76D /* calcTests.swift */; };
		524BA002239308800098F76D /* calcUITests.swift in Sources */ = {isa = PBXBuildFile; fileRef = 524BA001239308800098F76D /* calcUITests.swift */; };
		524BA010239313940098F76D /* GoogleService-Info.plist in Resources */ = {isa = PBXBuildFile; fileRef = 524BA00F239313930098F76D /* GoogleService-Info.plist */; };
		BC8AFD197476CE082C28A798 /* libPods-calc-calcUITests.a in Frameworks */ = {isa = PBXBuildFile; fileRef = 31F3494231A1EEA6FF1A9462 /* libPods-calc-calcUITests.a */; };
		C7A85564816F6694BF0EBA30 /* libPods-calc.a in Frameworks */ = {isa = PBXBuildFile; fileRef = E63C781DA489A66752218155 /* libPods-calc.a */; };
		D447C8CA81109747E625973C /* libPods-calcTests.a in Frameworks */ = {isa = PBXBuildFile; fileRef = 52F51D9116E47F580AECEF2C /* libPods-calcTests.a */; };
/* End PBXBuildFile section */

/* Begin PBXContainerItemProxy section */
		524B9FF3239308800098F76D /* PBXContainerItemProxy */ = {
			isa = PBXContainerItemProxy;
			containerPortal = 524B9FD42393087D0098F76D /* Project object */;
			proxyType = 1;
			remoteGlobalIDString = 524B9FDB2393087D0098F76D;
			remoteInfo = calc;
		};
		524B9FFE239308800098F76D /* PBXContainerItemProxy */ = {
			isa = PBXContainerItemProxy;
			containerPortal = 524B9FD42393087D0098F76D /* Project object */;
			proxyType = 1;
			remoteGlobalIDString = 524B9FDB2393087D0098F76D;
			remoteInfo = calc;
		};
/* End PBXContainerItemProxy section */

/* Begin PBXFileReference section */
		31F3494231A1EEA6FF1A9462 /* libPods-calc-calcUITests.a */ = {isa = PBXFileReference; explicitFileType = archive.ar; includeInIndex = 0; path = "libPods-calc-calcUITests.a"; sourceTree = BUILT_PRODUCTS_DIR; };
		32984C00E5144CD5DB4CB715 /* Pods-calcTests.release.xcconfig */ = {isa = PBXFileReference; includeInIndex = 1; lastKnownFileType = text.xcconfig; name = "Pods-calcTests.release.xcconfig"; path = "Target Support Files/Pods-calcTests/Pods-calcTests.release.xcconfig"; sourceTree = "<group>"; };
		38694888F55B9BED8D803827 /* Pods-calc.release.xcconfig */ = {isa = PBXFileReference; includeInIndex = 1; lastKnownFileType = text.xcconfig; name = "Pods-calc.release.xcconfig"; path = "Target Support Files/Pods-calc/Pods-calc.release.xcconfig"; sourceTree = "<group>"; };
		39F689E1110C2A3DC3431F3F /* Pods-calc-calcUITests.debug.xcconfig */ = {isa = PBXFileReference; includeInIndex = 1; lastKnownFileType = text.xcconfig; name = "Pods-calc-calcUITests.debug.xcconfig"; path = "Target Support Files/Pods-calc-calcUITests/Pods-calc-calcUITests.debug.xcconfig"; sourceTree = "<group>"; };
		524B9FDC2393087D0098F76D /* calc.app */ = {isa = PBXFileReference; explicitFileType = wrapper.application; includeInIndex = 0; path = calc.app; sourceTree = BUILT_PRODUCTS_DIR; };
		524B9FDF2393087D0098F76D /* AppDelegate.swift */ = {isa = PBXFileReference; lastKnownFileType = sourcecode.swift; path = AppDelegate.swift; sourceTree = "<group>"; };
		524B9FE12393087D0098F76D /* SceneDelegate.swift */ = {isa = PBXFileReference; lastKnownFileType = sourcecode.swift; path = SceneDelegate.swift; sourceTree = "<group>"; };
		524B9FE32393087D0098F76D /* ViewController.swift */ = {isa = PBXFileReference; lastKnownFileType = sourcecode.swift; path = ViewController.swift; sourceTree = "<group>"; };
		524B9FE62393087D0098F76D /* Base */ = {isa = PBXFileReference; lastKnownFileType = file.storyboard; name = Base; path = Base.lproj/Main.storyboard; sourceTree = "<group>"; };
		524B9FE8239308800098F76D /* Assets.xcassets */ = {isa = PBXFileReference; lastKnownFileType = folder.assetcatalog; path = Assets.xcassets; sourceTree = "<group>"; };
		524B9FEB239308800098F76D /* Base */ = {isa = PBXFileReference; lastKnownFileType = file.storyboard; name = Base; path = Base.lproj/LaunchScreen.storyboard; sourceTree = "<group>"; };
		524B9FED239308800098F76D /* Info.plist */ = {isa = PBXFileReference; lastKnownFileType = text.plist.xml; path = Info.plist; sourceTree = "<group>"; };
		524B9FF2239308800098F76D /* calcTests.xctest */ = {isa = PBXFileReference; explicitFileType = wrapper.cfbundle; includeInIndex = 0; path = calcTests.xctest; sourceTree = BUILT_PRODUCTS_DIR; };
		524B9FF6239308800098F76D /* calcTests.swift */ = {isa = PBXFileReference; lastKnownFileType = sourcecode.swift; path = calcTests.swift; sourceTree = "<group>"; };
		524B9FF8239308800098F76D /* Info.plist */ = {isa = PBXFileReference; lastKnownFileType = text.plist.xml; path = Info.plist; sourceTree = "<group>"; };
		524B9FFD239308800098F76D /* calcUITests.xctest */ = {isa = PBXFileReference; explicitFileType = wrapper.cfbundle; includeInIndex = 0; path = calcUITests.xctest; sourceTree = BUILT_PRODUCTS_DIR; };
		524BA001239308800098F76D /* calcUITests.swift */ = {isa = PBXFileReference; lastKnownFileType = sourcecode.swift; path = calcUITests.swift; sourceTree = "<group>"; };
		524BA003239308800098F76D /* Info.plist */ = {isa = PBXFileReference; lastKnownFileType = text.plist.xml; path = Info.plist; sourceTree = "<group>"; };
		524BA00F239313930098F76D /* GoogleService-Info.plist */ = {isa = PBXFileReference; fileEncoding = 4; lastKnownFileType = text.plist.xml; name = "GoogleService-Info.plist"; path = "../../../Downloads/GoogleService-Info.plist"; sourceTree = "<group>"; };
		52F51D9116E47F580AECEF2C /* libPods-calcTests.a */ = {isa = PBXFileReference; explicitFileType = archive.ar; includeInIndex = 0; path = "libPods-calcTests.a"; sourceTree = BUILT_PRODUCTS_DIR; };
		6063374565A06B368EF95F25 /* Pods-calc-calcUITests.release.xcconfig */ = {isa = PBXFileReference; includeInIndex = 1; lastKnownFileType = text.xcconfig; name = "Pods-calc-calcUITests.release.xcconfig"; path = "Target Support Files/Pods-calc-calcUITests/Pods-calc-calcUITests.release.xcconfig"; sourceTree = "<group>"; };
		E63C781DA489A66752218155 /* libPods-calc.a */ = {isa = PBXFileReference; explicitFileType = archive.ar; includeInIndex = 0; path = "libPods-calc.a"; sourceTree = BUILT_PRODUCTS_DIR; };
		EB2ECA9F783EAE7380B54DEB /* Pods-calcTests.debug.xcconfig */ = {isa = PBXFileReference; includeInIndex = 1; lastKnownFileType = text.xcconfig; name = "Pods-calcTests.debug.xcconfig"; path = "Target Support Files/Pods-calcTests/Pods-calcTests.debug.xcconfig"; sourceTree = "<group>"; };
		F0C423DFF0D3F809C380194D /* Pods-calc.debug.xcconfig */ = {isa = PBXFileReference; includeInIndex = 1; lastKnownFileType = text.xcconfig; name = "Pods-calc.debug.xcconfig"; path = "Target Support Files/Pods-calc/Pods-calc.debug.xcconfig"; sourceTree = "<group>"; };
/* End PBXFileReference section */

/* Begin PBXFrameworksBuildPhase section */
		524B9FD92393087D0098F76D /* Frameworks */ = {
			isa = PBXFrameworksBuildPhase;
			buildActionMask = 2147483647;
			files = (
				C7A85564816F6694BF0EBA30 /* libPods-calc.a in Frameworks */,
			);
			runOnlyForDeploymentPostprocessing = 0;
		};
		524B9FEF239308800098F76D /* Frameworks */ = {
			isa = PBXFrameworksBuildPhase;
			buildActionMask = 2147483647;
			files = (
				D447C8CA81109747E625973C /* libPods-calcTests.a in Frameworks */,
			);
			runOnlyForDeploymentPostprocessing = 0;
		};
		524B9FFA239308800098F76D /* Frameworks */ = {
			isa = PBXFrameworksBuildPhase;
			buildActionMask = 2147483647;
			files = (
				BC8AFD197476CE082C28A798 /* libPods-calc-calcUITests.a in Frameworks */,
			);
			runOnlyForDeploymentPostprocessing = 0;
		};
/* End PBXFrameworksBuildPhase section */

/* Begin PBXGroup section */
		524B9FD32393087D0098F76D = {
			isa = PBXGroup;
			children = (
				524B9FDE2393087D0098F76D /* calc */,
				524B9FF5239308800098F76D /* calcTests */,
				524BA000239308800098F76D /* calcUITests */,
				524B9FDD2393087D0098F76D /* Products */,
				87D0CE6BDCF6956CFAC59C6E /* Pods */,
				876C1426E87F47DF413B21BC /* Frameworks */,
			);
			sourceTree = "<group>";
		};
		524B9FDD2393087D0098F76D /* Products */ = {
			isa = PBXGroup;
			children = (
				524B9FDC2393087D0098F76D /* calc.app */,
				524B9FF2239308800098F76D /* calcTests.xctest */,
				524B9FFD239308800098F76D /* calcUITests.xctest */,
			);
			name = Products;
			sourceTree = "<group>";
		};
		524B9FDE2393087D0098F76D /* calc */ = {
			isa = PBXGroup;
			children = (
				524B9FDF2393087D0098F76D /* AppDelegate.swift */,
				524B9FE12393087D0098F76D /* SceneDelegate.swift */,
				524B9FE32393087D0098F76D /* ViewController.swift */,
				524B9FE52393087D0098F76D /* Main.storyboard */,
				524B9FE8239308800098F76D /* Assets.xcassets */,
				524B9FEA239308800098F76D /* LaunchScreen.storyboard */,
				524B9FED239308800098F76D /* Info.plist */,
				524BA00F239313930098F76D /* GoogleService-Info.plist */,
			);
			path = calc;
			sourceTree = "<group>";
		};
		524B9FF5239308800098F76D /* calcTests */ = {
			isa = PBXGroup;
			children = (
				524B9FF6239308800098F76D /* calcTests.swift */,
				524B9FF8239308800098F76D /* Info.plist */,
			);
			path = calcTests;
			sourceTree = "<group>";
		};
		524BA000239308800098F76D /* calcUITests */ = {
			isa = PBXGroup;
			children = (
				524BA001239308800098F76D /* calcUITests.swift */,
				524BA003239308800098F76D /* Info.plist */,
			);
			path = calcUITests;
			sourceTree = "<group>";
		};
		876C1426E87F47DF413B21BC /* Frameworks */ = {
			isa = PBXGroup;
			children = (
				E63C781DA489A66752218155 /* libPods-calc.a */,
				31F3494231A1EEA6FF1A9462 /* libPods-calc-calcUITests.a */,
				52F51D9116E47F580AECEF2C /* libPods-calcTests.a */,
			);
			name = Frameworks;
			sourceTree = "<group>";
		};
		87D0CE6BDCF6956CFAC59C6E /* Pods */ = {
			isa = PBXGroup;
			children = (
				F0C423DFF0D3F809C380194D /* Pods-calc.debug.xcconfig */,
				38694888F55B9BED8D803827 /* Pods-calc.release.xcconfig */,
				39F689E1110C2A3DC3431F3F /* Pods-calc-calcUITests.debug.xcconfig */,
				6063374565A06B368EF95F25 /* Pods-calc-calcUITests.release.xcconfig */,
				EB2ECA9F783EAE7380B54DEB /* Pods-calcTests.debug.xcconfig */,
				32984C00E5144CD5DB4CB715 /* Pods-calcTests.release.xcconfig */,
			);
			path = Pods;
			sourceTree = "<group>";
		};
/* End PBXGroup section */

/* Begin PBXNativeTarget section */
		524B9FDB2393087D0098F76D /* calc */ = {
			isa = PBXNativeTarget;
			buildConfigurationList = 524BA006239308800098F76D /* Build configuration list for PBXNativeTarget "calc" */;
			buildPhases = (
				1868DB99D5B00F2A751DDACA /* [CP] Check Pods Manifest.lock */,
				524B9FD82393087D0098F76D /* Sources */,
				524B9FD92393087D0098F76D /* Frameworks */,
				524B9FDA2393087D0098F76D /* Resources */,
				54DCE2ACCD916A8882E14B42 /* [CP] Copy Pods Resources */,
			);
			buildRules = (
			);
			dependencies = (
			);
			name = calc;
			productName = calc;
			productReference = 524B9FDC2393087D0098F76D /* calc.app */;
			productType = "com.apple.product-type.application";
		};
		524B9FF1239308800098F76D /* calcTests */ = {
			isa = PBXNativeTarget;
			buildConfigurationList = 524BA009239308800098F76D /* Build configuration list for PBXNativeTarget "calcTests" */;
			buildPhases = (
				081F8B66A1B613E5DADBB33F /* [CP] Check Pods Manifest.lock */,
				524B9FEE239308800098F76D /* Sources */,
				524B9FEF239308800098F76D /* Frameworks */,
				524B9FF0239308800098F76D /* Resources */,
			);
			buildRules = (
			);
			dependencies = (
				524B9FF4239308800098F76D /* PBXTargetDependency */,
			);
			name = calcTests;
			productName = calcTests;
			productReference = 524B9FF2239308800098F76D /* calcTests.xctest */;
			productType = "com.apple.product-type.bundle.unit-test";
		};
		524B9FFC239308800098F76D /* calcUITests */ = {
			isa = PBXNativeTarget;
			buildConfigurationList = 524BA00C239308800098F76D /* Build configuration list for PBXNativeTarget "calcUITests" */;
			buildPhases = (
				60B675B382FFC852788A026B /* [CP] Check Pods Manifest.lock */,
				524B9FF9239308800098F76D /* Sources */,
				524B9FFA239308800098F76D /* Frameworks */,
				524B9FFB239308800098F76D /* Resources */,
				65DAE894459B74D28766879C /* [CP] Copy Pods Resources */,
			);
			buildRules = (
			);
			dependencies = (
				524B9FFF239308800098F76D /* PBXTargetDependency */,
			);
			name = calcUITests;
			productName = calcUITests;
			productReference = 524B9FFD239308800098F76D /* calcUITests.xctest */;
			productType = "com.apple.product-type.bundle.ui-testing";
		};
/* End PBXNativeTarget section */

/* Begin PBXProject section */
		524B9FD42393087D0098F76D /* Project object */ = {
			isa = PBXProject;
			attributes = {
				LastSwiftUpdateCheck = 1120;
				LastUpgradeCheck = 1120;
				ORGANIZATIONNAME = "macbook pro";
				TargetAttributes = {
					524B9FDB2393087D0098F76D = {
						CreatedOnToolsVersion = 11.2.1;
					};
					524B9FF1239308800098F76D = {
						CreatedOnToolsVersion = 11.2.1;
						TestTargetID = 524B9FDB2393087D0098F76D;
					};
					524B9FFC239308800098F76D = {
						CreatedOnToolsVersion = 11.2.1;
						TestTargetID = 524B9FDB2393087D0098F76D;
					};
				};
			};
			buildConfigurationList = 524B9FD72393087D0098F76D /* Build configuration list for PBXProject "calc" */;
			compatibilityVersion = "Xcode 9.3";
			developmentRegion = en;
			hasScannedForEncodings = 0;
			knownRegions = (
				en,
				Base,
			);
			mainGroup = 524B9FD32393087D0098F76D;
			productRefGroup = 524B9FDD2393087D0098F76D /* Products */;
			projectDirPath = "";
			projectRoot = "";
			targets = (
				524B9FDB2393087D0098F76D /* calc */,
				524B9FF1239308800098F76D /* calcTests */,
				524B9FFC239308800098F76D /* calcUITests */,
			);
		};
/* End PBXProject section */

/* Begin PBXResourcesBuildPhase section */
		524B9FDA2393087D0098F76D /* Resources */ = {
			isa = PBXResourcesBuildPhase;
			buildActionMask = 2147483647;
			files = (
				524B9FEC239308800098F76D /* LaunchScreen.storyboard in Resources */,
				524BA010239313940098F76D /* GoogleService-Info.plist in Resources */,
				524B9FE9239308800098F76D /* Assets.xcassets in Resources */,
				524B9FE72393087D0098F76D /* Main.storyboard in Resources */,
			);
			runOnlyForDeploymentPostprocessing = 0;
		};
		524B9FF0239308800098F76D /* Resources */ = {
			isa = PBXResourcesBuildPhase;
			buildActionMask = 2147483647;
			files = (
			);
			runOnlyForDeploymentPostprocessing = 0;
		};
		524B9FFB239308800098F76D /* Resources */ = {
			isa = PBXResourcesBuildPhase;
			buildActionMask = 2147483647;
			files = (
			);
			runOnlyForDeploymentPostprocessing = 0;
		};
/* End PBXResourcesBuildPhase section */

/* Begin PBXShellScriptBuildPhase section */
		081F8B66A1B613E5DADBB33F /* [CP] Check Pods Manifest.lock */ = {
			isa = PBXShellScriptBuildPhase;
			buildActionMask = 2147483647;
			files = (
			);
			inputFileListPaths = (
			);
			inputPaths = (
				"${PODS_PODFILE_DIR_PATH}/Podfile.lock",
				"${PODS_ROOT}/Manifest.lock",
			);
			name = "[CP] Check Pods Manifest.lock";
			outputFileListPaths = (
			);
			outputPaths = (
				"$(DERIVED_FILE_DIR)/Pods-calcTests-checkManifestLockResult.txt",
			);
			runOnlyForDeploymentPostprocessing = 0;
			shellPath = /bin/sh;
			shellScript = "diff \"${PODS_PODFILE_DIR_PATH}/Podfile.lock\" \"${PODS_ROOT}/Manifest.lock\" > /dev/null\nif [ $? != 0 ] ; then\n    # print error to STDERR\n    echo \"error: The sandbox is not in sync with the Podfile.lock. Run 'pod install' or update your CocoaPods installation.\" >&2\n    exit 1\nfi\n# This output is used by Xcode 'outputs' to avoid re-running this script phase.\necho \"SUCCESS\" > \"${SCRIPT_OUTPUT_FILE_0}\"\n";
			showEnvVarsInLog = 0;
		};
		1868DB99D5B00F2A751DDACA /* [CP] Check Pods Manifest.lock */ = {
			isa = PBXShellScriptBuildPhase;
			buildActionMask = 2147483647;
			files = (
			);
			inputFileListPaths = (
			);
			inputPaths = (
				"${PODS_PODFILE_DIR_PATH}/Podfile.lock",
				"${PODS_ROOT}/Manifest.lock",
			);
			name = "[CP] Check Pods Manifest.lock";
			outputFileListPaths = (
			);
			outputPaths = (
				"$(DERIVED_FILE_DIR)/Pods-calc-checkManifestLockResult.txt",
			);
			runOnlyForDeploymentPostprocessing = 0;
			shellPath = /bin/sh;
			shellScript = "diff \"${PODS_PODFILE_DIR_PATH}/Podfile.lock\" \"${PODS_ROOT}/Manifest.lock\" > /dev/null\nif [ $? != 0 ] ; then\n    # print error to STDERR\n    echo \"error: The sandbox is not in sync with the Podfile.lock. Run 'pod install' or update your CocoaPods installation.\" >&2\n    exit 1\nfi\n# This output is used by Xcode 'outputs' to avoid re-running this script phase.\necho \"SUCCESS\" > \"${SCRIPT_OUTPUT_FILE_0}\"\n";
			showEnvVarsInLog = 0;
		};
		54DCE2ACCD916A8882E14B42 /* [CP] Copy Pods Resources */ = {
			isa = PBXShellScriptBuildPhase;
			buildActionMask = 2147483647;
			files = (
			);
			inputFileListPaths = (
				"${PODS_ROOT}/Target Support Files/Pods-calc/Pods-calc-resources-${CONFIGURATION}-input-files.xcfilelist",
			);
			name = "[CP] Copy Pods Resources";
			outputFileListPaths = (
				"${PODS_ROOT}/Target Support Files/Pods-calc/Pods-calc-resources-${CONFIGURATION}-output-files.xcfilelist",
			);
			runOnlyForDeploymentPostprocessing = 0;
			shellPath = /bin/sh;
			shellScript = "\"${PODS_ROOT}/Target Support Files/Pods-calc/Pods-calc-resources.sh\"\n";
			showEnvVarsInLog = 0;
		};
		60B675B382FFC852788A026B /* [CP] Check Pods Manifest.lock */ = {
			isa = PBXShellScriptBuildPhase;
			buildActionMask = 2147483647;
			files = (
			);
			inputFileListPaths = (
			);
			inputPaths = (
				"${PODS_PODFILE_DIR_PATH}/Podfile.lock",
				"${PODS_ROOT}/Manifest.lock",
			);
			name = "[CP] Check Pods Manifest.lock";
			outputFileListPaths = (
			);
			outputPaths = (
				"$(DERIVED_FILE_DIR)/Pods-calc-calcUITests-checkManifestLockResult.txt",
			);
			runOnlyForDeploymentPostprocessing = 0;
			shellPath = /bin/sh;
			shellScript = "diff \"${PODS_PODFILE_DIR_PATH}/Podfile.lock\" \"${PODS_ROOT}/Manifest.lock\" > /dev/null\nif [ $? != 0 ] ; then\n    # print error to STDERR\n    echo \"error: The sandbox is not in sync with the Podfile.lock. Run 'pod install' or update your CocoaPods installation.\" >&2\n    exit 1\nfi\n# This output is used by Xcode 'outputs' to avoid re-running this script phase.\necho \"SUCCESS\" > \"${SCRIPT_OUTPUT_FILE_0}\"\n";
			showEnvVarsInLog = 0;
		};
		65DAE894459B74D28766879C /* [CP] Copy Pods Resources */ = {
			isa = PBXShellScriptBuildPhase;
			buildActionMask = 2147483647;
			files = (
			);
			inputFileListPaths = (
				"${PODS_ROOT}/Target Support Files/Pods-calc-calcUITests/Pods-calc-calcUITests-resources-${CONFIGURATION}-input-files.xcfilelist",
			);
			name = "[CP] Copy Pods Resources";
			outputFileListPaths = (
				"${PODS_ROOT}/Target Support Files/Pods-calc-calcUITests/Pods-calc-calcUITests-resources-${CONFIGURATION}-output-files.xcfilelist",
			);
			runOnlyForDeploymentPostprocessing = 0;
			shellPath = /bin/sh;
			shellScript = "\"${PODS_ROOT}/Target Support Files/Pods-calc-calcUITests/Pods-calc-calcUITests-resources.sh\"\n";
			showEnvVarsInLog = 0;
		};
/* End PBXShellScriptBuildPhase section */

/* Begin PBXSourcesBuildPhase section */
		524B9FD82393087D0098F76D /* Sources */ = {
			isa = PBXSourcesBuildPhase;
			buildActionMask = 2147483647;
			files = (
				524B9FE42393087D0098F76D /* ViewController.swift in Sources */,
				524B9FE02393087D0098F76D /* AppDelegate.swift in Sources */,
				524B9FE22393087D0098F76D /* SceneDelegate.swift in Sources */,
			);
			runOnlyForDeploymentPostprocessing = 0;
		};
		524B9FEE239308800098F76D /* Sources */ = {
			isa = PBXSourcesBuildPhase;
			buildActionMask = 2147483647;
			files = (
				524B9FF7239308800098F76D /* calcTests.swift in Sources */,
			);
			runOnlyForDeploymentPostprocessing = 0;
		};
		524B9FF9239308800098F76D /* Sources */ = {
			isa = PBXSourcesBuildPhase;
			buildActionMask = 2147483647;
			files = (
				524BA002239308800098F76D /* calcUITests.swift in Sources */,
			);
			runOnlyForDeploymentPostprocessing = 0;
		};
/* End PBXSourcesBuildPhase section */

/* Begin PBXTargetDependency section */
		524B9FF4239308800098F76D /* PBXTargetDependency */ = {
			isa = PBXTargetDependency;
			target = 524B9FDB2393087D0098F76D /* calc */;
			targetProxy = 524B9FF3239308800098F76D /* PBXContainerItemProxy */;
		};
		524B9FFF239308800098F76D /* PBXTargetDependency */ = {
			isa = PBXTargetDependency;
			target = 524B9FDB2393087D0098F76D /* calc */;
			targetProxy = 524B9FFE239308800098F76D /* PBXContainerItemProxy */;
		};
/* End PBXTargetDependency section */

/* Begin PBXVariantGroup section */
		524B9FE52393087D0098F76D /* Main.storyboard */ = {
			isa = PBXVariantGroup;
			children = (
				524B9FE62393087D0098F76D /* Base */,
			);
			name = Main.storyboard;
			sourceTree = "<group>";
		};
		524B9FEA239308800098F76D /* LaunchScreen.storyboard */ = {
			isa = PBXVariantGroup;
			children = (
				524B9FEB239308800098F76D /* Base */,
			);
			name = LaunchScreen.storyboard;
			sourceTree = "<group>";
		};
/* End PBXVariantGroup section */

/* Begin XCBuildConfiguration section */
		524BA004239308800098F76D /* Debug */ = {
			isa = XCBuildConfiguration;
			buildSettings = {
				ALWAYS_SEARCH_USER_PATHS = NO;
				CLANG_ANALYZER_NONNULL = YES;
				CLANG_ANALYZER_NUMBER_OBJECT_CONVERSION = YES_AGGRESSIVE;
				CLANG_CXX_LANGUAGE_STANDARD = "gnu++14";
				CLANG_CXX_LIBRARY = "libc++";
				CLANG_ENABLE_MODULES = YES;
				CLANG_ENABLE_OBJC_ARC = YES;
				CLANG_ENABLE_OBJC_WEAK = YES;
				CLANG_WARN_BLOCK_CAPTURE_AUTORELEASING = YES;
				CLANG_WARN_BOOL_CONVERSION = YES;
				CLANG_WARN_COMMA = YES;
				CLANG_WARN_CONSTANT_CONVERSION = YES;
				CLANG_WARN_DEPRECATED_OBJC_IMPLEMENTATIONS = YES;
				CLANG_WARN_DIRECT_OBJC_ISA_USAGE = YES_ERROR;
				CLANG_WARN_DOCUMENTATION_COMMENTS = YES;
				CLANG_WARN_EMPTY_BODY = YES;
				CLANG_WARN_ENUM_CONVERSION = YES;
				CLANG_WARN_INFINITE_RECURSION = YES;
				CLANG_WARN_INT_CONVERSION = YES;
				CLANG_WARN_NON_LITERAL_NULL_CONVERSION = YES;
				CLANG_WARN_OBJC_IMPLICIT_RETAIN_SELF = YES;
				CLANG_WARN_OBJC_LITERAL_CONVERSION = YES;
				CLANG_WARN_OBJC_ROOT_CLASS = YES_ERROR;
				CLANG_WARN_RANGE_LOOP_ANALYSIS = YES;
				CLANG_WARN_STRICT_PROTOTYPES = YES;
				CLANG_WARN_SUSPICIOUS_MOVE = YES;
				CLANG_WARN_UNGUARDED_AVAILABILITY = YES_AGGRESSIVE;
				CLANG_WARN_UNREACHABLE_CODE = YES;
				CLANG_WARN__DUPLICATE_METHOD_MATCH = YES;
				COPY_PHASE_STRIP = NO;
				DEBUG_INFORMATION_FORMAT = dwarf;
				ENABLE_STRICT_OBJC_MSGSEND = YES;
				ENABLE_TESTABILITY = YES;
				GCC_C_LANGUAGE_STANDARD = gnu11;
				GCC_DYNAMIC_NO_PIC = NO;
				GCC_NO_COMMON_BLOCKS = YES;
				GCC_OPTIMIZATION_LEVEL = 0;
				GCC_PREPROCESSOR_DEFINITIONS = (
					"DEBUG=1",
					"$(inherited)",
				);
				GCC_WARN_64_TO_32_BIT_CONVERSION = YES;
				GCC_WARN_ABOUT_RETURN_TYPE = YES_ERROR;
				GCC_WARN_UNDECLARED_SELECTOR = YES;
				GCC_WARN_UNINITIALIZED_AUTOS = YES_AGGRESSIVE;
				GCC_WARN_UNUSED_FUNCTION = YES;
				GCC_WARN_UNUSED_VARIABLE = YES;
				IPHONEOS_DEPLOYMENT_TARGET = 12.1;
				MTL_ENABLE_DEBUG_INFO = INCLUDE_SOURCE;
				MTL_FAST_MATH = YES;
				ONLY_ACTIVE_ARCH = YES;
				SDKROOT = iphoneos;
				SWIFT_ACTIVE_COMPILATION_CONDITIONS = DEBUG;
				SWIFT_OPTIMIZATION_LEVEL = "-Onone";
			};
			name = Debug;
		};
		524BA005239308800098F76D /* Release */ = {
			isa = XCBuildConfiguration;
			buildSettings = {
				ALWAYS_SEARCH_USER_PATHS = NO;
				CLANG_ANALYZER_NONNULL = YES;
				CLANG_ANALYZER_NUMBER_OBJECT_CONVERSION = YES_AGGRESSIVE;
				CLANG_CXX_LANGUAGE_STANDARD = "gnu++14";
				CLANG_CXX_LIBRARY = "libc++";
				CLANG_ENABLE_MODULES = YES;
				CLANG_ENABLE_OBJC_ARC = YES;
				CLANG_ENABLE_OBJC_WEAK = YES;
				CLANG_WARN_BLOCK_CAPTURE_AUTORELEASING = YES;
				CLANG_WARN_BOOL_CONVERSION = YES;
				CLANG_WARN_COMMA = YES;
				CLANG_WARN_CONSTANT_CONVERSION = YES;
				CLANG_WARN_DEPRECATED_OBJC_IMPLEMENTATIONS = YES;
				CLANG_WARN_DIRECT_OBJC_ISA_USAGE = YES_ERROR;
				CLANG_WARN_DOCUMENTATION_COMMENTS = YES;
				CLANG_WARN_EMPTY_BODY = YES;
				CLANG_WARN_ENUM_CONVERSION = YES;
				CLANG_WARN_INFINITE_RECURSION = YES;
				CLANG_WARN_INT_CONVERSION = YES;
				CLANG_WARN_NON_LITERAL_NULL_CONVERSION = YES;
				CLANG_WARN_OBJC_IMPLICIT_RETAIN_SELF = YES;
				CLANG_WARN_OBJC_LITERAL_CONVERSION = YES;
				CLANG_WARN_OBJC_ROOT_CLASS = YES_ERROR;
				CLANG_WARN_RANGE_LOOP_ANALYSIS = YES;
				CLANG_WARN_STRICT_PROTOTYPES = YES;
				CLANG_WARN_SUSPICIOUS_MOVE = YES;
				CLANG_WARN_UNGUARDED_AVAILABILITY = YES_AGGRESSIVE;
				CLANG_WARN_UNREACHABLE_CODE = YES;
				CLANG_WARN__DUPLICATE_METHOD_MATCH = YES;
				COPY_PHASE_STRIP = NO;
				DEBUG_INFORMATION_FORMAT = "dwarf-with-dsym";
				ENABLE_NS_ASSERTIONS = NO;
				ENABLE_STRICT_OBJC_MSGSEND = YES;
				GCC_C_LANGUAGE_STANDARD = gnu11;
				GCC_NO_COMMON_BLOCKS = YES;
				GCC_WARN_64_TO_32_BIT_CONVERSION = YES;
				GCC_WARN_ABOUT_RETURN_TYPE = YES_ERROR;
				GCC_WARN_UNDECLARED_SELECTOR = YES;
				GCC_WARN_UNINITIALIZED_AUTOS = YES_AGGRESSIVE;
				GCC_WARN_UNUSED_FUNCTION = YES;
				GCC_WARN_UNUSED_VARIABLE = YES;
				IPHONEOS_DEPLOYMENT_TARGET = 12.1;
				MTL_ENABLE_DEBUG_INFO = NO;
				MTL_FAST_MATH = YES;
				SDKROOT = iphoneos;
				SWIFT_COMPILATION_MODE = wholemodule;
				SWIFT_OPTIMIZATION_LEVEL = "-O";
				VALIDATE_PRODUCT = YES;
			};
			name = Release;
		};
		524BA007239308800098F76D /* Debug */ = {
			isa = XCBuildConfiguration;
			baseConfigurationReference = F0C423DFF0D3F809C380194D /* Pods-calc.debug.xcconfig */;
			buildSettings = {
				ASSETCATALOG_COMPILER_APPICON_NAME = AppIcon;
				CODE_SIGN_STYLE = Automatic;
				DEVELOPMENT_TEAM = HW3BVS77BE;
				INFOPLIST_FILE = calc/Info.plist;
				LD_RUNPATH_SEARCH_PATHS = (
					"$(inherited)",
					"@executable_path/Frameworks",
				);
				PRODUCT_BUNDLE_IDENTIFIER = youngApps.calc;
				PRODUCT_NAME = "$(TARGET_NAME)";
				SWIFT_VERSION = 5.0;
				TARGETED_DEVICE_FAMILY = "1,2";
			};
			name = Debug;
		};
		524BA008239308800098F76D /* Release */ = {
			isa = XCBuildConfiguration;
			baseConfigurationReference = 38694888F55B9BED8D803827 /* Pods-calc.release.xcconfig */;
			buildSettings = {
				ASSETCATALOG_COMPILER_APPICON_NAME = AppIcon;
				CODE_SIGN_STYLE = Automatic;
				DEVELOPMENT_TEAM = HW3BVS77BE;
				INFOPLIST_FILE = calc/Info.plist;
				LD_RUNPATH_SEARCH_PATHS = (
					"$(inherited)",
					"@executable_path/Frameworks",
				);
				PRODUCT_BUNDLE_IDENTIFIER = youngApps.calc;
				PRODUCT_NAME = "$(TARGET_NAME)";
				SWIFT_VERSION = 5.0;
				TARGETED_DEVICE_FAMILY = "1,2";
			};
			name = Release;
		};
		524BA00A239308800098F76D /* Debug */ = {
			isa = XCBuildConfiguration;
			baseConfigurationReference = EB2ECA9F783EAE7380B54DEB /* Pods-calcTests.debug.xcconfig */;
			buildSettings = {
				ALWAYS_EMBED_SWIFT_STANDARD_LIBRARIES = YES;
				BUNDLE_LOADER = "$(TEST_HOST)";
				CODE_SIGN_STYLE = Automatic;
				INFOPLIST_FILE = calcTests/Info.plist;
				IPHONEOS_DEPLOYMENT_TARGET = 13.2;
				LD_RUNPATH_SEARCH_PATHS = (
					"$(inherited)",
					"@executable_path/Frameworks",
					"@loader_path/Frameworks",
				);
				PRODUCT_BUNDLE_IDENTIFIER = youngApps.calcTests;
				PRODUCT_NAME = "$(TARGET_NAME)";
				SWIFT_VERSION = 5.0;
				TARGETED_DEVICE_FAMILY = "1,2";
				TEST_HOST = "$(BUILT_PRODUCTS_DIR)/calc.app/calc";
			};
			name = Debug;
		};
		524BA00B239308800098F76D /* Release */ = {
			isa = XCBuildConfiguration;
			baseConfigurationReference = 32984C00E5144CD5DB4CB715 /* Pods-calcTests.release.xcconfig */;
			buildSettings = {
				ALWAYS_EMBED_SWIFT_STANDARD_LIBRARIES = YES;
				BUNDLE_LOADER = "$(TEST_HOST)";
				CODE_SIGN_STYLE = Automatic;
				INFOPLIST_FILE = calcTests/Info.plist;
				IPHONEOS_DEPLOYMENT_TARGET = 13.2;
				LD_RUNPATH_SEARCH_PATHS = (
					"$(inherited)",
					"@executable_path/Frameworks",
					"@loader_path/Frameworks",
				);
				PRODUCT_BUNDLE_IDENTIFIER = youngApps.calcTests;
				PRODUCT_NAME = "$(TARGET_NAME)";
				SWIFT_VERSION = 5.0;
				TARGETED_DEVICE_FAMILY = "1,2";
				TEST_HOST = "$(BUILT_PRODUCTS_DIR)/calc.app/calc";
			};
			name = Release;
		};
		524BA00D239308800098F76D /* Debug */ = {
			isa = XCBuildConfiguration;
			baseConfigurationReference = 39F689E1110C2A3DC3431F3F /* Pods-calc-calcUITests.debug.xcconfig */;
			buildSettings = {
				ALWAYS_EMBED_SWIFT_STANDARD_LIBRARIES = YES;
				CODE_SIGN_STYLE = Automatic;
				INFOPLIST_FILE = calcUITests/Info.plist;
				LD_RUNPATH_SEARCH_PATHS = (
					"$(inherited)",
					"@executable_path/Frameworks",
					"@loader_path/Frameworks",
				);
				PRODUCT_BUNDLE_IDENTIFIER = youngApps.calcUITests;
				PRODUCT_NAME = "$(TARGET_NAME)";
				SWIFT_VERSION = 5.0;
				TARGETED_DEVICE_FAMILY = "1,2";
				TEST_TARGET_NAME = calc;
			};
			name = Debug;
		};
		524BA00E239308800098F76D /* Release */ = {
			isa = XCBuildConfiguration;
			baseConfigurationReference = 6063374565A06B368EF95F25 /* Pods-calc-calcUITests.release.xcconfig */;
			buildSettings = {
				ALWAYS_EMBED_SWIFT_STANDARD_LIBRARIES = YES;
				CODE_SIGN_STYLE = Automatic;
				INFOPLIST_FILE = calcUITests/Info.plist;
				LD_RUNPATH_SEARCH_PATHS = (
					"$(inherited)",
					"@executable_path/Frameworks",
					"@loader_path/Frameworks",
				);
				PRODUCT_BUNDLE_IDENTIFIER = youngApps.calcUITests;
				PRODUCT_NAME = "$(TARGET_NAME)";
				SWIFT_VERSION = 5.0;
				TARGETED_DEVICE_FAMILY = "1,2";
				TEST_TARGET_NAME = calc;
			};
			name = Release;
		};
/* End XCBuildConfiguration section */

/* Begin XCConfigurationList section */
		524B9FD72393087D0098F76D /* Build configuration list for PBXProject "calc" */ = {
			isa = XCConfigurationList;
			buildConfigurations = (
				524BA004239308800098F76D /* Debug */,
				524BA005239308800098F76D /* Release */,
			);
			defaultConfigurationIsVisible = 0;
			defaultConfigurationName = Release;
		};
		524BA006239308800098F76D /* Build configuration list for PBXNativeTarget "calc" */ = {
			isa = XCConfigurationList;
			buildConfigurations = (
				524BA007239308800098F76D /* Debug */,
				524BA008239308800098F76D /* Release */,
			);
			defaultConfigurationIsVisible = 0;
			defaultConfigurationName = Release;
		};
		524BA009239308800098F76D /* Build configuration list for PBXNativeTarget "calcTests" */ = {
			isa = XCConfigurationList;
			buildConfigurations = (
				524BA00A239308800098F76D /* Debug */,
				524BA00B239308800098F76D /* Release */,
			);
			defaultConfigurationIsVisible = 0;
			defaultConfigurationName = Release;
		};
		524BA00C239308800098F76D /* Build configuration list for PBXNativeTarget "calcUITests" */ = {
			isa = XCConfigurationList;
			buildConfigurations = (
				524BA00D239308800098F76D /* Debug */,
				524BA00E239308800098F76D /* Release */,
			);
			defaultConfigurationIsVisible = 0;
			defaultConfigurationName = Release;
		};
/* End XCConfigurationList section */
	};
	rootObject = 524B9FD42393087D0098F76D /* Project object */;
}
